
Microsoft Visual Studio Solution File, Format Version 12.00
# Visual Studio 14
VisualStudioVersion = 14.0.25123.0
MinimumVisualStudioVersion = 10.0.40219.1
Project("{8BC9CEB8-8B4A-11D0-8D11-00A0C91BC942}") = "GamesLabs-ParticleExplosion", "GamesLabs-3\GamesLabs-3.vcxproj", "{C9E3A7FF-E98D-4C51-A4F7-D2E08F998B8E}"
	ProjectSection(ProjectDependencies) = postProject
		{54498B3B-A8A7-4413-8C91-F6E997DF552F} = {54498B3B-A8A7-4413-8C91-F6E997DF552F}
		{D372F0C0-3CF6-47F8-A6E2-3FD98D1BDA30} = {D372F0C0-3CF6-47F8-A6E2-3FD98D1BDA30}
	EndProjectSection
EndProject
Project("{8BC9CEB8-8B4A-11D0-8D11-00A0C91BC942}") = "GamesLabs-BouncingBall", "GamesLabs-2\GamesLabs-2.vcxproj", "{460D53E0-5968-4454-805F-20B575DCDE16}"
	ProjectSection(ProjectDependencies) = postProject
		{54498B3B-A8A7-4413-8C91-F6E997DF552F} = {54498B3B-A8A7-4413-8C91-F6E997DF552F}
		{D372F0C0-3CF6-47F8-A6E2-3FD98D1BDA30} = {D372F0C0-3CF6-47F8-A6E2-3FD98D1BDA30}
	EndProjectSection
EndProject
Project("{8BC9CEB8-8B4A-11D0-8D11-00A0C91BC942}") = "MathsLibrary", "MathsLibrary\MathsLibrary.vcxproj", "{D372F0C0-3CF6-47F8-A6E2-3FD98D1BDA30}"
EndProject
Project("{8BC9CEB8-8B4A-11D0-8D11-00A0C91BC942}") = "PhysicsLibrary", "PhysicsLibrary\PhysicsLibrary.vcxproj", "{54498B3B-A8A7-4413-8C91-F6E997DF552F}"
EndProject
Project("{8BC9CEB8-8B4A-11D0-8D11-00A0C91BC942}") = "GamesLabs-Flocking", "GamesLabs-Flocking\GamesLabs-Flocking.vcxproj", "{487FB7C4-55DE-433F-B06E-30D90DE788DB}"
EndProject
Project("{8BC9CEB8-8B4A-11D0-8D11-00A0C91BC942}") = "GamesLabs-Astar", "GamesLabs-Astar\GamesLabs-Astar.vcxproj", "{FC86BBCD-17F8-417C-946B-AD892DB0A413}"
EndProject
Global
	GlobalSection(SolutionConfigurationPlatforms) = preSolution
		Debug|x64 = Debug|x64
		Debug|x86 = Debug|x86
		Release|x64 = Release|x64
		Release|x86 = Release|x86
	EndGlobalSection
	GlobalSection(ProjectConfigurationPlatforms) = postSolution
		{C9E3A7FF-E98D-4C51-A4F7-D2E08F998B8E}.Debug|x64.ActiveCfg = Debug|x64
		{C9E3A7FF-E98D-4C51-A4F7-D2E08F998B8E}.Debug|x64.Build.0 = Debug|x64
		{C9E3A7FF-E98D-4C51-A4F7-D2E08F998B8E}.Debug|x86.ActiveCfg = Debug|Win32
		{C9E3A7FF-E98D-4C51-A4F7-D2E08F998B8E}.Debug|x86.Build.0 = Debug|Win32
		{C9E3A7FF-E98D-4C51-A4F7-D2E08F998B8E}.Release|x64.ActiveCfg = Release|x64
		{C9E3A7FF-E98D-4C51-A4F7-D2E08F998B8E}.Release|x64.Build.0 = Release|x64
		{C9E3A7FF-E98D-4C51-A4F7-D2E08F998B8E}.Release|x86.ActiveCfg = Release|Win32
		{C9E3A7FF-E98D-4C51-A4F7-D2E08F998B8E}.Release|x86.Build.0 = Release|Win32
		{460D53E0-5968-4454-805F-20B575DCDE16}.Debug|x64.ActiveCfg = Debug|x64
		{460D53E0-5968-4454-805F-20B575DCDE16}.Debug|x64.Build.0 = Debug|x64
		{460D53E0-5968-4454-805F-20B575DCDE16}.Debug|x86.ActiveCfg = Debug|Win32
		{460D53E0-5968-4454-805F-20B575DCDE16}.Debug|x86.Build.0 = Debug|Win32
		{460D53E0-5968-4454-805F-20B575DCDE16}.Release|x64.ActiveCfg = Release|x64
		{460D53E0-5968-4454-805F-20B575DCDE16}.Release|x64.Build.0 = Release|x64
		{460D53E0-5968-4454-805F-20B575DCDE16}.Release|x86.ActiveCfg = Release|Win32
		{460D53E0-5968-4454-805F-20B575DCDE16}.Release|x86.Build.0 = Release|Win32
		{D372F0C0-3CF6-47F8-A6E2-3FD98D1BDA30}.Debug|x64.ActiveCfg = Debug|x64
		{D372F0C0-3CF6-47F8-A6E2-3FD98D1BDA30}.Debug|x64.Build.0 = Debug|x64
		{D372F0C0-3CF6-47F8-A6E2-3FD98D1BDA30}.Debug|x86.ActiveCfg = Debug|Win32
		{D372F0C0-3CF6-47F8-A6E2-3FD98D1BDA30}.Debug|x86.Build.0 = Debug|Win32
		{D372F0C0-3CF6-47F8-A6E2-3FD98D1BDA30}.Release|x64.ActiveCfg = Release|x64
		{D372F0C0-3CF6-47F8-A6E2-3FD98D1BDA30}.Release|x64.Build.0 = Release|x64
		{D372F0C0-3CF6-47F8-A6E2-3FD98D1BDA30}.Release|x86.ActiveCfg = Release|Win32
		{D372F0C0-3CF6-47F8-A6E2-3FD98D1BDA30}.Release|x86.Build.0 = Release|Win32
		{54498B3B-A8A7-4413-8C91-F6E997DF552F}.Debug|x64.ActiveCfg = Debug|x64
		{54498B3B-A8A7-4413-8C91-F6E997DF552F}.Debug|x64.Build.0 = Debug|x64
		{54498B3B-A8A7-4413-8C91-F6E997DF552F}.Debug|x86.ActiveCfg = Debug|Win32
		{54498B3B-A8A7-4413-8C91-F6E997DF552F}.Debug|x86.Build.0 = Debug|Win32
		{54498B3B-A8A7-4413-8C91-F6E997DF552F}.Release|x64.ActiveCfg = Release|x64
		{54498B3B-A8A7-4413-8C91-F6E997DF552F}.Release|x64.Build.0 = Release|x64
		{54498B3B-A8A7-4413-8C91-F6E997DF552F}.Release|x86.ActiveCfg = Release|Win32
		{54498B3B-A8A7-4413-8C91-F6E997DF552F}.Release|x86.Build.0 = Release|Win32
		{487FB7C4-55DE-433F-B06E-30D90DE788DB}.Debug|x64.ActiveCfg = Debug|x64
		{487FB7C4-55DE-433F-B06E-30D90DE788DB}.Debug|x64.Build.0 = Debug|x64
		{487FB7C4-55DE-433F-B06E-30D90DE788DB}.Debug|x86.ActiveCfg = Debug|Win32
		{487FB7C4-55DE-433F-B06E-30D90DE788DB}.Debug|x86.Build.0 = Debug|Win32
		{487FB7C4-55DE-433F-B06E-30D90DE788DB}.Release|x64.ActiveCfg = Release|x64
		{487FB7C4-55DE-433F-B06E-30D90DE788DB}.Release|x64.Build.0 = Release|x64
		{487FB7C4-55DE-433F-B06E-30D90DE788DB}.Release|x86.ActiveCfg = Release|Win32
		{487FB7C4-55DE-433F-B06E-30D90DE788DB}.Release|x86.Build.0 = Release|Win32
		{FC86BBCD-17F8-417C-946B-AD892DB0A413}.Debug|x64.ActiveCfg = Debug|x64
		{FC86BBCD-17F8-417C-946B-AD892DB0A413}.Debug|x64.Build.0 = Debug|x64
		{FC86BBCD-17F8-417C-946B-AD892DB0A413}.Debug|x86.ActiveCfg = Debug|Win32
		{FC86BBCD-17F8-417C-946B-AD892DB0A413}.Debug|x86.Build.0 = Debug|Win32
		{FC86BBCD-17F8-417C-946B-AD892DB0A413}.Release|x64.ActiveCfg = Release|x64
		{FC86BBCD-17F8-417C-946B-AD892DB0A413}.Release|x64.Build.0 = Release|x64
		{FC86BBCD-17F8-417C-946B-AD892DB0A413}.Release|x86.ActiveCfg = Release|Win32
		{FC86BBCD-17F8-417C-946B-AD892DB0A413}.Release|x86.Build.0 = Release|Win32
	EndGlobalSection
	GlobalSection(SolutionProperties) = preSolution
		HideSolutionNode = FALSE
	EndGlobalSection
EndGlobal
